
Microsoft Visual Studio Solution File, Format Version 12.00
# Visual Studio Version 17
VisualStudioVersion = 17.14.36511.14
MinimumVisualStudioVersion = 10.0.40219.1
Project("{FAE04EC0-301F-11D3-BF4B-00C04F79EFBC}") = "Factorial problem", "Factorial problem.csproj", "{2AF73F43-D7D6-47AB-BD69-3DED4D8C88C0}"
EndProject
Project("{FAE04EC0-301F-11D3-BF4B-00C04F79EFBC}") = "quadratic equations", "..\quadratic equations\quadratic equations.csproj", "{68F4B81E-6065-9C32-6FE0-25B3AB3CBD0D}"
EndProject
Global
	GlobalSection(SolutionConfigurationPlatforms) = preSolution
		Debug|Any CPU = Debug|Any CPU
		Release|Any CPU = Release|Any CPU
	EndGlobalSection
	GlobalSection(ProjectConfigurationPlatforms) = postSolution
		{2AF73F43-D7D6-47AB-BD69-3DED4D8C88C0}.Debug|Any CPU.ActiveCfg = Debug|Any CPU
		{2AF73F43-D7D6-47AB-BD69-3DED4D8C88C0}.Debug|Any CPU.Build.0 = Debug|Any CPU
		{2AF73F43-D7D6-47AB-BD69-3DED4D8C88C0}.Release|Any CPU.ActiveCfg = Release|Any CPU
		{2AF73F43-D7D6-47AB-BD69-3DED4D8C88C0}.Release|Any CPU.Build.0 = Release|Any CPU
		{68F4B81E-6065-9C32-6FE0-25B3AB3CBD0D}.Debug|Any CPU.ActiveCfg = Debug|Any CPU
		{68F4B81E-6065-9C32-6FE0-25B3AB3CBD0D}.Debug|Any CPU.Build.0 = Debug|Any CPU
		{68F4B81E-6065-9C32-6FE0-25B3AB3CBD0D}.Release|Any CPU.ActiveCfg = Release|Any CPU
		{68F4B81E-6065-9C32-6FE0-25B3AB3CBD0D}.Release|Any CPU.Build.0 = Release|Any CPU
	EndGlobalSection
	GlobalSection(SolutionProperties) = preSolution
		HideSolutionNode = FALSE
	EndGlobalSection
	GlobalSection(ExtensibilityGlobals) = postSolution
		SolutionGuid = {DC8650ED-E1D8-4A28-BF3B-19C512ABAD03}
	EndGlobalSection
EndGlobal
